
Microsoft Visual Studio Solution File, Format Version 12.00
# Visual Studio Version 17
VisualStudioVersion = 17.13.35825.156 d17.13
MinimumVisualStudioVersion = 10.0.40219.1
Project("{FAE04EC0-301F-11D3-BF4B-00C04F79EFBC}") = "Student Record Management System", "Student Record Management System\Student Record Management System.csproj", "{7EB91506-A4A2-488F-8EC4-A735DF6A74E2}"
EndProject
Global
	GlobalSection(SolutionConfigurationPlatforms) = preSolution
		Debug|Any CPU = Debug|Any CPU
		Release|Any CPU = Release|Any CPU
	EndGlobalSection
	GlobalSection(ProjectConfigurationPlatforms) = postSolution
		{7EB91506-A4A2-488F-8EC4-A735DF6A74E2}.Debug|Any CPU.ActiveCfg = Debug|Any CPU
		{7EB91506-A4A2-488F-8EC4-A735DF6A74E2}.Debug|Any CPU.Build.0 = Debug|Any CPU
		{7EB91506-A4A2-488F-8EC4-A735DF6A74E2}.Release|Any CPU.ActiveCfg = Release|Any CPU
		{7EB91506-A4A2-488F-8EC4-A735DF6A74E2}.Release|Any CPU.Build.0 = Release|Any CPU
	EndGlobalSection
	GlobalSection(SolutionProperties) = preSolution
		HideSolutionNode = FALSE
	EndGlobalSection
	GlobalSection(ExtensibilityGlobals) = postSolution
		SolutionGuid = {D39F08F5-F721-49DC-8F0C-6D0ADC8493ED}
	EndGlobalSection
EndGlobal
